
Microsoft Visual Studio Solution File, Format Version 12.00
# Visual Studio Version 17
VisualStudioVersion = 17.5.33424.131
MinimumVisualStudioVersion = 10.0.40219.1
Project("{8BC9CEB8-8B4A-11D0-8D11-00A0C91BC942}") = "KIT205 Assignment 1 Student Record System AVL", "KIT205 Assignment 1 Student Record System AVL.vcxproj", "{33F17BE9-1DED-40F5-9D6B-191A2EC65B28}"
EndProject
Global
	GlobalSection(SolutionConfigurationPlatforms) = preSolution
		Debug|x64 = Debug|x64
		Debug|x86 = Debug|x86
		Release|x64 = Release|x64
		Release|x86 = Release|x86
	EndGlobalSection
	GlobalSection(ProjectConfigurationPlatforms) = postSolution
		{33F17BE9-1DED-40F5-9D6B-191A2EC65B28}.Debug|x64.ActiveCfg = Debug|x64
		{33F17BE9-1DED-40F5-9D6B-191A2EC65B28}.Debug|x64.Build.0 = Debug|x64
		{33F17BE9-1DED-40F5-9D6B-191A2EC65B28}.Debug|x86.ActiveCfg = Debug|Win32
		{33F17BE9-1DED-40F5-9D6B-191A2EC65B28}.Debug|x86.Build.0 = Debug|Win32
		{33F17BE9-1DED-40F5-9D6B-191A2EC65B28}.Release|x64.ActiveCfg = Release|x64
		{33F17BE9-1DED-40F5-9D6B-191A2EC65B28}.Release|x64.Build.0 = Release|x64
		{33F17BE9-1DED-40F5-9D6B-191A2EC65B28}.Release|x86.ActiveCfg = Release|Win32
		{33F17BE9-1DED-40F5-9D6B-191A2EC65B28}.Release|x86.Build.0 = Release|Win32
	EndGlobalSection
	GlobalSection(SolutionProperties) = preSolution
		HideSolutionNode = FALSE
	EndGlobalSection
	GlobalSection(ExtensibilityGlobals) = postSolution
		SolutionGuid = {50E5F16E-A28B-4AE9-A52E-A030EBE10C6B}
	EndGlobalSection
EndGlobal
